
Microsoft Visual Studio Solution File, Format Version 12.00
# Visual Studio Version 17
VisualStudioVersion = 17.1.32328.378
MinimumVisualStudioVersion = 10.0.40219.1
Project("{FAE04EC0-301F-11D3-BF4B-00C04F79EFBC}") = "Guia_01", "Guia_01.csproj", "{230BE1B9-F965-445F-B0F9-0F9DA13329CA}"
EndProject
Global
	GlobalSection(SolutionConfigurationPlatforms) = preSolution
		Debug|Any CPU = Debug|Any CPU
		Release|Any CPU = Release|Any CPU
	EndGlobalSection
	GlobalSection(ProjectConfigurationPlatforms) = postSolution
		{230BE1B9-F965-445F-B0F9-0F9DA13329CA}.Debug|Any CPU.ActiveCfg = Debug|Any CPU
		{230BE1B9-F965-445F-B0F9-0F9DA13329CA}.Debug|Any CPU.Build.0 = Debug|Any CPU
		{230BE1B9-F965-445F-B0F9-0F9DA13329CA}.Release|Any CPU.ActiveCfg = Release|Any CPU
		{230BE1B9-F965-445F-B0F9-0F9DA13329CA}.Release|Any CPU.Build.0 = Release|Any CPU
	EndGlobalSection
	GlobalSection(SolutionProperties) = preSolution
		HideSolutionNode = FALSE
	EndGlobalSection
	GlobalSection(ExtensibilityGlobals) = postSolution
		SolutionGuid = {FDEC240C-9923-49A6-9D8D-57D2AA5C8958}
	EndGlobalSection
EndGlobal
