
Microsoft Visual Studio Solution File, Format Version 12.00
# Visual Studio Version 17
VisualStudioVersion = 17.1.32328.378
MinimumVisualStudioVersion = 10.0.40219.1
Project("{FAE04EC0-301F-11D3-BF4B-00C04F79EFBC}") = "Guia_03", "Guia_03.csproj", "{EBF59B66-D295-4767-A026-28BE1F3780DE}"
EndProject
Global
	GlobalSection(SolutionConfigurationPlatforms) = preSolution
		Debug|Any CPU = Debug|Any CPU
		Release|Any CPU = Release|Any CPU
	EndGlobalSection
	GlobalSection(ProjectConfigurationPlatforms) = postSolution
		{EBF59B66-D295-4767-A026-28BE1F3780DE}.Debug|Any CPU.ActiveCfg = Debug|Any CPU
		{EBF59B66-D295-4767-A026-28BE1F3780DE}.Debug|Any CPU.Build.0 = Debug|Any CPU
		{EBF59B66-D295-4767-A026-28BE1F3780DE}.Release|Any CPU.ActiveCfg = Release|Any CPU
		{EBF59B66-D295-4767-A026-28BE1F3780DE}.Release|Any CPU.Build.0 = Release|Any CPU
	EndGlobalSection
	GlobalSection(SolutionProperties) = preSolution
		HideSolutionNode = FALSE
	EndGlobalSection
	GlobalSection(ExtensibilityGlobals) = postSolution
		SolutionGuid = {B17C98BC-D927-4673-AFD8-40B456AF9636}
	EndGlobalSection
EndGlobal
